
Microsoft Visual Studio Solution File, Format Version 12.00
# Visual Studio Version 17
VisualStudioVersion = 17.1.32120.378
MinimumVisualStudioVersion = 10.0.40219.1
Project("{FAE04EC0-301F-11D3-BF4B-00C04F79EFBC}") = "ce100-hw5-algo-lib-cs", "ClassLibrary1\ce100-hw5-algo-lib-cs.csproj", "{97AF4FE6-3840-4F06-A46E-E3DB6111EEB1}"
EndProject
Project("{FAE04EC0-301F-11D3-BF4B-00C04F79EFBC}") = "ce100-hw5-algo-test-cs", "ce100-hw5-algo-test-cs\ce100-hw5-algo-test-cs.csproj", "{6D990F30-09D0-4585-B7A7-7DCFED1EA1D4}"
EndProject
Global
	GlobalSection(SolutionConfigurationPlatforms) = preSolution
		Debug|Any CPU = Debug|Any CPU
		Release|Any CPU = Release|Any CPU
	EndGlobalSection
	GlobalSection(ProjectConfigurationPlatforms) = postSolution
		{97AF4FE6-3840-4F06-A46E-E3DB6111EEB1}.Debug|Any CPU.ActiveCfg = Debug|Any CPU
		{97AF4FE6-3840-4F06-A46E-E3DB6111EEB1}.Debug|Any CPU.Build.0 = Debug|Any CPU
		{97AF4FE6-3840-4F06-A46E-E3DB6111EEB1}.Release|Any CPU.ActiveCfg = Release|Any CPU
		{97AF4FE6-3840-4F06-A46E-E3DB6111EEB1}.Release|Any CPU.Build.0 = Release|Any CPU
		{6D990F30-09D0-4585-B7A7-7DCFED1EA1D4}.Debug|Any CPU.ActiveCfg = Debug|Any CPU
		{6D990F30-09D0-4585-B7A7-7DCFED1EA1D4}.Debug|Any CPU.Build.0 = Debug|Any CPU
		{6D990F30-09D0-4585-B7A7-7DCFED1EA1D4}.Release|Any CPU.ActiveCfg = Release|Any CPU
		{6D990F30-09D0-4585-B7A7-7DCFED1EA1D4}.Release|Any CPU.Build.0 = Release|Any CPU
	EndGlobalSection
	GlobalSection(SolutionProperties) = preSolution
		HideSolutionNode = FALSE
	EndGlobalSection
	GlobalSection(ExtensibilityGlobals) = postSolution
		SolutionGuid = {F931143F-40BE-4852-BD67-9E0499432DB2}
	EndGlobalSection
EndGlobal
